{
    "_meta": {
        "hash": {
            "sha256": "bd9c61f44b24085eaf268648d28d473776647296f43de5530515e70e89d4b33f"
        },
        "pipfile-spec": 6,
        "requires": {
            "python_version": "3.8"
        },
        "sources": [
            {
                "name": "pypi",
                "url": "https://pypi.org/simple",
                "verify_ssl": true
            }
        ]
    },
    "default": {
        "appdirs": {
            "hashes": [
                "sha256:7d5d0167b2b1ba821647616af46a749d1c653740dd0d2415100fe26e27afdf41",
                "sha256:a841dacd6b99318a741b166adb07e19ee71a274450e68237b4650ca1055ab128"
            ],
            "version": "==1.4.4"
        },
        "astor": {
            "hashes": [
                "sha256:070a54e890cefb5b3739d19f30f5a5ec840ffc9c50ffa7d23cc9fc1a38ebbfc5",
                "sha256:6a6effda93f4e1ce9f618779b2dd1d9d84f1e32812c23a29b3fff6fd7f63fa5e"
            ],
            "markers": "python_version >= '2.7' and python_version not in '3.0, 3.1, 3.2, 3.3'",
            "version": "==0.8.1"
        },
        "attrs": {
            "hashes": [
                "sha256:149e90d6d8ac20db7a955ad60cf0e6881a3f20d37096140088356da6c716b0b1",
                "sha256:ef6aaac3ca6cd92904cdd0d83f629a15f18053ec84e6432106f7a4d04ae4f5fb"
            ],
            "markers": "python_version >= '2.7' and python_version not in '3.0, 3.1, 3.2, 3.3, 3.4'",
            "version": "==21.2.0"
        },
        "backports.entry-points-selectable": {
            "hashes": [
                "sha256:988468260ec1c196dab6ae1149260e2f5472c9110334e5d51adcb77867361f6a",
                "sha256:a6d9a871cde5e15b4c4a53e3d43ba890cc6861ec1332c9c2428c92f977192acc"
            ],
            "markers": "python_version >= '2.7'",
            "version": "==1.1.0"
        },
        "black": {
            "hashes": [
                "sha256:1b30e59be925fafc1ee4565e5e08abef6b03fe455102883820fe5ee2e4734e0b",
                "sha256:c2edb73a08e9e0e6f65a0e6af18b059b8b1cdd5bef997d7a0b181df93dc81539"
            ],
            "index": "pypi",
            "version": "==19.10b0"
        },
        "cfgv": {
            "hashes": [
                "sha256:9e600479b3b99e8af981ecdfc80a0296104ee610cab48a5ae4ffd0b668650eb1",
                "sha256:b449c9c6118fe8cca7fa5e00b9ec60ba08145d281d52164230a69211c5d597a1"
            ],
            "markers": "python_full_version >= '3.6.1'",
            "version": "==3.3.0"
        },
        "click": {
            "hashes": [
                "sha256:8c04c11192119b1ef78ea049e0a6f0463e4c48ef00a30160c704337586f3ad7a",
                "sha256:fba402a4a47334742d782209a7c79bc448911afe1149d07bdabdf480b3e2f4b6"
            ],
            "markers": "python_version >= '3.6'",
            "version": "==8.0.1"
        },
        "distlib": {
            "hashes": [
                "sha256:106fef6dc37dd8c0e2c0a60d3fca3e77460a48907f335fa28420463a6f799736",
                "sha256:23e223426b28491b1ced97dc3bbe183027419dfc7982b4fa2f05d5f3ff10711c"
            ],
            "version": "==0.3.2"
        },
        "filelock": {
            "hashes": [
                "sha256:18d82244ee114f543149c66a6e0c14e9c4f8a1044b5cdaadd0f82159d6a6ff59",
                "sha256:929b7d63ec5b7d6b71b0fa5ac14e030b3f70b75747cef1b10da9b879fef15836"
            ],
            "version": "==3.0.12"
        },
        "flynt": {
            "hashes": [
                "sha256:219797a3e5e0455e1d5ab63a3f1af43314085fbd055dc4dbfd94684cda9ded91",
                "sha256:d64285b20eba4b11ebcc4f00d4c0c7d85c8844bb9846ba99ebaac6838f600371"
            ],
            "index": "pypi",
            "version": "==0.66"
        },
        "identify": {
            "hashes": [
                "sha256:7199679b5be13a6b40e6e19ea473e789b11b4e3b60986499b1f589ffb03c217c",
                "sha256:7bc6e829392bd017236531963d2d937d66fc27cadc643ac0aba2ce9f26157c79"
            ],
            "markers": "python_full_version >= '3.6.1'",
            "version": "==2.2.13"
        },
        "nodeenv": {
            "hashes": [
                "sha256:3ef13ff90291ba2a4a7a4ff9a979b63ffdd00a464dbe04acf0ea6471517a4c2b",
                "sha256:621e6b7076565ddcacd2db0294c0381e01fd28945ab36bcf00f41c5daf63bef7"
            ],
            "version": "==1.6.0"
        },
        "pathspec": {
            "hashes": [
                "sha256:7d15c4ddb0b5c802d161efc417ec1a2558ea2653c2e8ad9c19098201dc1c993a",
                "sha256:e564499435a2673d586f6b2130bb5b95f04a3ba06f81b8f895b651a3c76aabb1"
            ],
            "version": "==0.9.0"
        },
        "platformdirs": {
            "hashes": [
                "sha256:4666d822218db6a262bdfdc9c39d21f23b4cfdb08af331a81e92751daf6c866c",
                "sha256:632daad3ab546bd8e6af0537d09805cec458dce201bccfe23012df73332e181e"
            ],
            "markers": "python_version >= '3.6'",
            "version": "==2.2.0"
        },
        "pre-commit": {
            "hashes": [
                "sha256:94c82f1bf5899d56edb1d926732f4e75a7df29a0c8c092559c77420c9d62428b",
                "sha256:de55c5c72ce80d79106e48beb1b54104d16495ce7f95b0c7b13d4784193a00af"
            ],
            "index": "pypi",
            "version": "==2.11.1"
        },
        "pyyaml": {
            "hashes": [
                "sha256:08682f6b72c722394747bddaf0aa62277e02557c0fd1c42cb853016a38f8dedf",
                "sha256:0f5f5786c0e09baddcd8b4b45f20a7b5d61a7e7e99846e3c799b05c7c53fa696",
                "sha256:129def1b7c1bf22faffd67b8f3724645203b79d8f4cc81f674654d9902cb4393",
                "sha256:294db365efa064d00b8d1ef65d8ea2c3426ac366c0c4368d930bf1c5fb497f77",
                "sha256:3b2b1824fe7112845700f815ff6a489360226a5609b96ec2190a45e62a9fc922",
                "sha256:3bd0e463264cf257d1ffd2e40223b197271046d09dadf73a0fe82b9c1fc385a5",
                "sha256:4465124ef1b18d9ace298060f4eccc64b0850899ac4ac53294547536533800c8",
                "sha256:49d4cdd9065b9b6e206d0595fee27a96b5dd22618e7520c33204a4a3239d5b10",
                "sha256:4e0583d24c881e14342eaf4ec5fbc97f934b999a6828693a99157fde912540cc",
                "sha256:5accb17103e43963b80e6f837831f38d314a0495500067cb25afab2e8d7a4018",
                "sha256:607774cbba28732bfa802b54baa7484215f530991055bb562efbed5b2f20a45e",
                "sha256:6c78645d400265a062508ae399b60b8c167bf003db364ecb26dcab2bda048253",
                "sha256:72a01f726a9c7851ca9bfad6fd09ca4e090a023c00945ea05ba1638c09dc3347",
                "sha256:74c1485f7707cf707a7aef42ef6322b8f97921bd89be2ab6317fd782c2d53183",
                "sha256:895f61ef02e8fed38159bb70f7e100e00f471eae2bc838cd0f4ebb21e28f8541",
                "sha256:8c1be557ee92a20f184922c7b6424e8ab6691788e6d86137c5d93c1a6ec1b8fb",
                "sha256:bb4191dfc9306777bc594117aee052446b3fa88737cd13b7188d0e7aa8162185",
                "sha256:bfb51918d4ff3d77c1c856a9699f8492c612cde32fd3bcd344af9be34999bfdc",
                "sha256:c20cfa2d49991c8b4147af39859b167664f2ad4561704ee74c1de03318e898db",
                "sha256:cb333c16912324fd5f769fff6bc5de372e9e7a202247b48870bc251ed40239aa",
                "sha256:d2d9808ea7b4af864f35ea216be506ecec180628aced0704e34aca0b040ffe46",
                "sha256:d483ad4e639292c90170eb6f7783ad19490e7a8defb3e46f97dfe4bacae89122",
                "sha256:dd5de0646207f053eb0d6c74ae45ba98c3395a571a2891858e87df7c9b9bd51b",
                "sha256:e1d4970ea66be07ae37a3c2e48b5ec63f7ba6804bdddfdbd3cfd954d25a82e63",
                "sha256:e4fac90784481d221a8e4b1162afa7c47ed953be40d31ab4629ae917510051df",
                "sha256:fa5ae20527d8e831e8230cbffd9f8fe952815b2b7dae6ffec25318803a7528fc",
                "sha256:fd7f6999a8070df521b6384004ef42833b9bd62cfee11a09bda1079b4b704247",
                "sha256:fdc842473cd33f45ff6bce46aea678a54e3d21f1b61a7750ce3c498eedfe25d6",
                "sha256:fe69978f3f768926cfa37b867e3843918e012cf83f680806599ddce33c2c68b0"
            ],
            "markers": "python_version >= '2.7' and python_version not in '3.0, 3.1, 3.2, 3.3, 3.4, 3.5'",
            "version": "==5.4.1"
        },
        "regex": {
            "hashes": [
                "sha256:03840a07a402576b8e3a6261f17eb88abd653ad4e18ec46ef10c9a63f8c99ebd",
                "sha256:06ba444bbf7ede3890a912bd4904bb65bf0da8f0d8808b90545481362c978642",
                "sha256:1f9974826aeeda32a76648fc677e3125ade379869a84aa964b683984a2dea9f1",
                "sha256:330836ad89ff0be756b58758878409f591d4737b6a8cef26a162e2a4961c3321",
                "sha256:38600fd58c2996829480de7d034fb2d3a0307110e44dae80b6b4f9b3d2eea529",
                "sha256:3a195e26df1fbb40ebee75865f9b64ba692a5824ecb91c078cc665b01f7a9a36",
                "sha256:41acdd6d64cd56f857e271009966c2ffcbd07ec9149ca91f71088574eaa4278a",
                "sha256:45f97ade892ace20252e5ccecdd7515c7df5feeb42c3d2a8b8c55920c3551c30",
                "sha256:4b0c211c55d4aac4309c3209833c803fada3fc21cdf7b74abedda42a0c9dc3ce",
                "sha256:5d5209c3ba25864b1a57461526ebde31483db295fc6195fdfc4f8355e10f7376",
                "sha256:615fb5a524cffc91ab4490b69e10ae76c1ccbfa3383ea2fad72e54a85c7d47dd",
                "sha256:61e734c2bcb3742c3f454dfa930ea60ea08f56fd1a0eb52d8cb189a2f6be9586",
                "sha256:640ccca4d0a6fcc6590f005ecd7b16c3d8f5d52174e4854f96b16f34c39d6cb7",
                "sha256:6dbd51c3db300ce9d3171f4106da18fe49e7045232630fe3d4c6e37cb2b39ab9",
                "sha256:71a904da8c9c02aee581f4452a5a988c3003207cb8033db426f29e5b2c0b7aea",
                "sha256:8021dee64899f993f4b5cca323aae65aabc01a546ed44356a0965e29d7893c94",
                "sha256:8b8d551f1bd60b3e1c59ff55b9e8d74607a5308f66e2916948cafd13480b44a3",
                "sha256:93f9f720081d97acee38a411e861d4ce84cbc8ea5319bc1f8e38c972c47af49f",
                "sha256:96f0c79a70642dfdf7e6a018ebcbea7ea5205e27d8e019cad442d2acfc9af267",
                "sha256:9966337353e436e6ba652814b0a957a517feb492a98b8f9d3b6ba76d22301dcc",
                "sha256:a34ba9e39f8269fd66ab4f7a802794ffea6d6ac500568ec05b327a862c21ce23",
                "sha256:a49f85f0a099a5755d0a2cc6fc337e3cb945ad6390ec892332c691ab0a045882",
                "sha256:a795829dc522227265d72b25d6ee6f6d41eb2105c15912c230097c8f5bfdbcdc",
                "sha256:a89ca4105f8099de349d139d1090bad387fe2b208b717b288699ca26f179acbe",
                "sha256:ac95101736239260189f426b1e361dc1b704513963357dc474beb0f39f5b7759",
                "sha256:ae87ab669431f611c56e581679db33b9a467f87d7bf197ac384e71e4956b4456",
                "sha256:b091dcfee169ad8de21b61eb2c3a75f9f0f859f851f64fdaf9320759a3244239",
                "sha256:b511c6009d50d5c0dd0bab85ed25bc8ad6b6f5611de3a63a59786207e82824bb",
                "sha256:b79dc2b2e313565416c1e62807c7c25c67a6ff0a0f8d83a318df464555b65948",
                "sha256:bca14dfcfd9aae06d7d8d7e105539bd77d39d06caaae57a1ce945670bae744e0",
                "sha256:c835c30f3af5c63a80917b72115e1defb83de99c73bc727bddd979a3b449e183",
                "sha256:ccd721f1d4fc42b541b633d6e339018a08dd0290dc67269df79552843a06ca92",
                "sha256:d6c2b1d78ceceb6741d703508cd0e9197b34f6bf6864dab30f940f8886e04ade",
                "sha256:d6ec4ae13760ceda023b2e5ef1f9bc0b21e4b0830458db143794a117fdbdc044",
                "sha256:d8b623fc429a38a881ab2d9a56ef30e8ea20c72a891c193f5ebbddc016e083ee",
                "sha256:ea9753d64cba6f226947c318a923dadaf1e21cd8db02f71652405263daa1f033",
                "sha256:ebbceefbffae118ab954d3cd6bf718f5790db66152f95202ebc231d58ad4e2c2",
                "sha256:ecb6e7c45f9cd199c10ec35262b53b2247fb9a408803ed00ee5bb2b54aa626f5",
                "sha256:ef9326c64349e2d718373415814e754183057ebc092261387a2c2f732d9172b2",
                "sha256:f93a9d8804f4cec9da6c26c8cfae2c777028b4fdd9f49de0302e26e00bb86504",
                "sha256:faf08b0341828f6a29b8f7dd94d5cf8cc7c39bfc3e67b78514c54b494b66915a"
            ],
            "version": "==2021.8.21"
        },
        "six": {
            "hashes": [
                "sha256:1e61c37477a1626458e36f7b1d82aa5c9b094fa4802892072e49de9c60c4c926",
                "sha256:8abb2f1d86890a2dfb989f9a77cfcfd3e47c2a354b01111771326f8aa26e0254"
            ],
            "markers": "python_version >= '2.7' and python_version not in '3.0, 3.1, 3.2, 3.3'",
            "version": "==1.16.0"
        },
        "toml": {
            "hashes": [
                "sha256:806143ae5bfb6a3c6e736a764057db0e6a0e05e338b5630894a5f779cabb4f9b",
                "sha256:b3bda1d108d5dd99f4a20d24d9c348e91c4db7ab1b749200bded2f839ccbe68f"
            ],
            "markers": "python_version >= '2.6' and python_version not in '3.0, 3.1, 3.2, 3.3'",
            "version": "==0.10.2"
        },
        "typed-ast": {
            "hashes": [
                "sha256:01ae5f73431d21eead5015997ab41afa53aa1fbe252f9da060be5dad2c730ace",
                "sha256:067a74454df670dcaa4e59349a2e5c81e567d8d65458d480a5b3dfecec08c5ff",
                "sha256:0fb71b8c643187d7492c1f8352f2c15b4c4af3f6338f21681d3681b3dc31a266",
                "sha256:1b3ead4a96c9101bef08f9f7d1217c096f31667617b58de957f690c92378b528",
                "sha256:2068531575a125b87a41802130fa7e29f26c09a2833fea68d9a40cf33902eba6",
                "sha256:209596a4ec71d990d71d5e0d312ac935d86930e6eecff6ccc7007fe54d703808",
                "sha256:2c726c276d09fc5c414693a2de063f521052d9ea7c240ce553316f70656c84d4",
                "sha256:398e44cd480f4d2b7ee8d98385ca104e35c81525dd98c519acff1b79bdaac363",
                "sha256:52b1eb8c83f178ab787f3a4283f68258525f8d70f778a2f6dd54d3b5e5fb4341",
                "sha256:5feca99c17af94057417d744607b82dd0a664fd5e4ca98061480fd8b14b18d04",
                "sha256:7538e495704e2ccda9b234b82423a4038f324f3a10c43bc088a1636180f11a41",
                "sha256:760ad187b1041a154f0e4d0f6aae3e40fdb51d6de16e5c99aedadd9246450e9e",
                "sha256:777a26c84bea6cd934422ac2e3b78863a37017618b6e5c08f92ef69853e765d3",
                "sha256:95431a26309a21874005845c21118c83991c63ea800dd44843e42a916aec5899",
                "sha256:9ad2c92ec681e02baf81fdfa056fe0d818645efa9af1f1cd5fd6f1bd2bdfd805",
                "sha256:9c6d1a54552b5330bc657b7ef0eae25d00ba7ffe85d9ea8ae6540d2197a3788c",
                "sha256:aee0c1256be6c07bd3e1263ff920c325b59849dc95392a05f258bb9b259cf39c",
                "sha256:af3d4a73793725138d6b334d9d247ce7e5f084d96284ed23f22ee626a7b88e39",
                "sha256:b36b4f3920103a25e1d5d024d155c504080959582b928e91cb608a65c3a49e1a",
                "sha256:b9574c6f03f685070d859e75c7f9eeca02d6933273b5e69572e5ff9d5e3931c3",
                "sha256:bff6ad71c81b3bba8fa35f0f1921fb24ff4476235a6e94a26ada2e54370e6da7",
                "sha256:c190f0899e9f9f8b6b7863debfb739abcb21a5c054f911ca3596d12b8a4c4c7f",
                "sha256:c907f561b1e83e93fad565bac5ba9c22d96a54e7ea0267c708bffe863cbe4075",
                "sha256:cae53c389825d3b46fb37538441f75d6aecc4174f615d048321b716df2757fb0",
                "sha256:dd4a21253f42b8d2b48410cb31fe501d32f8b9fbeb1f55063ad102fe9c425e40",
                "sha256:dde816ca9dac1d9c01dd504ea5967821606f02e510438120091b84e852367428",
                "sha256:f2362f3cb0f3172c42938946dbc5b7843c2a28aec307c49100c8b38764eb6927",
                "sha256:f328adcfebed9f11301eaedfa48e15bdece9b519fb27e6a8c01aa52a17ec31b3",
                "sha256:f8afcf15cc511ada719a88e013cec87c11aff7b91f019295eb4530f96fe5ef2f",
                "sha256:fb1bbeac803adea29cedd70781399c99138358c26d05fcbd23c13016b7f5ec65"
            ],
            "version": "==1.4.3"
        },
        "virtualenv": {
            "hashes": [
                "sha256:9ef4e8ee4710826e98ff3075c9a4739e2cb1040de6a2a8d35db0055840dc96a0",
                "sha256:e4670891b3a03eb071748c569a87cceaefbf643c5bac46d996c5a45c34aa0f06"
            ],
            "markers": "python_version >= '2.7' and python_version not in '3.0, 3.1, 3.2, 3.3, 3.4'",
            "version": "==20.7.2"
        }
    },
    "develop": {}
}
